// !$*UTF8*$!
{
	archiveVersion = 1;
	classes = {
	};
	objectVersion = 56;
	objects = {

/* Begin PBXBuildFile section */
		A10B865D2B5D4DFE00422E06 /* JobDetailsViewController.swift in Sources */ = {isa = PBXBuildFile; fileRef = A10B865C2B5D4DFE00422E06 /* JobDetailsViewController.swift */; };
		A11CC0E72B5C2CBE0079688D /* Job.swift in Sources */ = {isa = PBXBuildFile; fileRef = A11CC0E62B5C2CBE0079688D /* Job.swift */; };
		A11CC0EA2B5C2D230079688D /* JobListViewController.swift in Sources */ = {isa = PBXBuildFile; fileRef = A11CC0E92B5C2D230079688D /* JobListViewController.swift */; };
		A11CC0EC2B5C2DB00079688D /* JobTableViewCell.swift in Sources */ = {isa = PBXBuildFile; fileRef = A11CC0EB2B5C2DB00079688D /* JobTableViewCell.swift */; };
		A11CC0EE2B5C3CDA0079688D /* GoogleService-Info.plist in Resources */ = {isa = PBXBuildFile; fileRef = A11CC0ED2B5C3CDA0079688D /* GoogleService-Info.plist */; };
		A11CC0FD2B5C3EDB0079688D /* FirebaseAuth in Frameworks */ = {isa = PBXBuildFile; productRef = A11CC0FC2B5C3EDB0079688D /* FirebaseAuth */; };
		A11CC1092B5C3EDB0079688D /* FirebaseFirestore in Frameworks */ = {isa = PBXBuildFile; productRef = A11CC1082B5C3EDB0079688D /* FirebaseFirestore */; };
		A11CC10D2B5C3EDB0079688D /* FirebaseFirestoreSwift in Frameworks */ = {isa = PBXBuildFile; productRef = A11CC10C2B5C3EDB0079688D /* FirebaseFirestoreSwift */; };
		A11CC1232B5C3EDB0079688D /* FirebaseStorage in Frameworks */ = {isa = PBXBuildFile; productRef = A11CC1222B5C3EDB0079688D /* FirebaseStorage */; };
		A11CC1272B5C48B50079688D /* JobListViewModel.swift in Sources */ = {isa = PBXBuildFile; fileRef = A11CC1262B5C48B50079688D /* JobListViewModel.swift */; };
		A14DB82F2B60316C00EF545D /* HomeView.swift in Sources */ = {isa = PBXBuildFile; fileRef = A14DB82E2B60316C00EF545D /* HomeView.swift */; };
		A181BBE42B59A6D800E68302 /* AppDelegate.swift in Sources */ = {isa = PBXBuildFile; fileRef = A181BBE32B59A6D800E68302 /* AppDelegate.swift */; };
		A181BBE62B59A6D800E68302 /* SceneDelegate.swift in Sources */ = {isa = PBXBuildFile; fileRef = A181BBE52B59A6D800E68302 /* SceneDelegate.swift */; };
		A181BBE82B59A6D800E68302 /* ViewController.swift in Sources */ = {isa = PBXBuildFile; fileRef = A181BBE72B59A6D800E68302 /* ViewController.swift */; };
		A181BBED2B59A6DA00E68302 /* Assets.xcassets in Resources */ = {isa = PBXBuildFile; fileRef = A181BBEC2B59A6DA00E68302 /* Assets.xcassets */; };
		A181BBF02B59A6DA00E68302 /* LaunchScreen.storyboard in Resources */ = {isa = PBXBuildFile; fileRef = A181BBEE2B59A6DA00E68302 /* LaunchScreen.storyboard */; };
		A181BBFF2B59ABAF00E68302 /* NavigationManager.swift in Sources */ = {isa = PBXBuildFile; fileRef = A181BBFE2B59ABAF00E68302 /* NavigationManager.swift */; };
		A191190A2B655168001E1D61 /* ProfileView.swift in Sources */ = {isa = PBXBuildFile; fileRef = A19119092B655168001E1D61 /* ProfileView.swift */; };
		A191190C2B65535A001E1D61 /* SettingsRowView.swift in Sources */ = {isa = PBXBuildFile; fileRef = A191190B2B65535A001E1D61 /* SettingsRowView.swift */; };
		A1A12E8F2B62A2DB005DD9EC /* JobCardView.swift in Sources */ = {isa = PBXBuildFile; fileRef = A1A12E8E2B62A2DB005DD9EC /* JobCardView.swift */; };
		A1A12E912B62A342005DD9EC /* CustomButton.swift in Sources */ = {isa = PBXBuildFile; fileRef = A1A12E902B62A342005DD9EC /* CustomButton.swift */; };
		A1A12E942B62A79D005DD9EC /* TrendingJobCardView.swift in Sources */ = {isa = PBXBuildFile; fileRef = A1A12E932B62A79D005DD9EC /* TrendingJobCardView.swift */; };
/* End PBXBuildFile section */

/* Begin PBXFileReference section */
		A10B865C2B5D4DFE00422E06 /* JobDetailsViewController.swift */ = {isa = PBXFileReference; lastKnownFileType = sourcecode.swift; path = JobDetailsViewController.swift; sourceTree = "<group>"; };
		A11CC0E62B5C2CBE0079688D /* Job.swift */ = {isa = PBXFileReference; lastKnownFileType = sourcecode.swift; path = Job.swift; sourceTree = "<group>"; };
		A11CC0E92B5C2D230079688D /* JobListViewController.swift */ = {isa = PBXFileReference; lastKnownFileType = sourcecode.swift; path = JobListViewController.swift; sourceTree = "<group>"; };
		A11CC0EB2B5C2DB00079688D /* JobTableViewCell.swift */ = {isa = PBXFileReference; lastKnownFileType = sourcecode.swift; path = JobTableViewCell.swift; sourceTree = "<group>"; };
		A11CC0ED2B5C3CDA0079688D /* GoogleService-Info.plist */ = {isa = PBXFileReference; fileEncoding = 4; lastKnownFileType = text.plist.xml; path = "GoogleService-Info.plist"; sourceTree = "<group>"; };
		A11CC1262B5C48B50079688D /* JobListViewModel.swift */ = {isa = PBXFileReference; lastKnownFileType = sourcecode.swift; path = JobListViewModel.swift; sourceTree = "<group>"; };
		A14DB82E2B60316C00EF545D /* HomeView.swift */ = {isa = PBXFileReference; lastKnownFileType = sourcecode.swift; path = HomeView.swift; sourceTree = "<group>"; };
		A181BBE02B59A6D800E68302 /* TechHunt.app */ = {isa = PBXFileReference; explicitFileType = wrapper.application; includeInIndex = 0; path = TechHunt.app; sourceTree = BUILT_PRODUCTS_DIR; };
		A181BBE32B59A6D800E68302 /* AppDelegate.swift */ = {isa = PBXFileReference; lastKnownFileType = sourcecode.swift; path = AppDelegate.swift; sourceTree = "<group>"; };
		A181BBE52B59A6D800E68302 /* SceneDelegate.swift */ = {isa = PBXFileReference; lastKnownFileType = sourcecode.swift; path = SceneDelegate.swift; sourceTree = "<group>"; };
		A181BBE72B59A6D800E68302 /* ViewController.swift */ = {isa = PBXFileReference; lastKnownFileType = sourcecode.swift; path = ViewController.swift; sourceTree = "<group>"; };
		A181BBEC2B59A6DA00E68302 /* Assets.xcassets */ = {isa = PBXFileReference; lastKnownFileType = folder.assetcatalog; path = Assets.xcassets; sourceTree = "<group>"; };
		A181BBEF2B59A6DA00E68302 /* Base */ = {isa = PBXFileReference; lastKnownFileType = file.storyboard; name = Base; path = Base.lproj/LaunchScreen.storyboard; sourceTree = "<group>"; };
		A181BBF12B59A6DA00E68302 /* Info.plist */ = {isa = PBXFileReference; lastKnownFileType = text.plist.xml; path = Info.plist; sourceTree = "<group>"; };
		A181BBFE2B59ABAF00E68302 /* NavigationManager.swift */ = {isa = PBXFileReference; lastKnownFileType = sourcecode.swift; path = NavigationManager.swift; sourceTree = "<group>"; };
		A19119092B655168001E1D61 /* ProfileView.swift */ = {isa = PBXFileReference; lastKnownFileType = sourcecode.swift; path = ProfileView.swift; sourceTree = "<group>"; };
		A191190B2B65535A001E1D61 /* SettingsRowView.swift */ = {isa = PBXFileReference; lastKnownFileType = sourcecode.swift; path = SettingsRowView.swift; sourceTree = "<group>"; };
		A1A12E8E2B62A2DB005DD9EC /* JobCardView.swift */ = {isa = PBXFileReference; lastKnownFileType = sourcecode.swift; path = JobCardView.swift; sourceTree = "<group>"; };
		A1A12E902B62A342005DD9EC /* CustomButton.swift */ = {isa = PBXFileReference; lastKnownFileType = sourcecode.swift; path = CustomButton.swift; sourceTree = "<group>"; };
		A1A12E932B62A79D005DD9EC /* TrendingJobCardView.swift */ = {isa = PBXFileReference; lastKnownFileType = sourcecode.swift; path = TrendingJobCardView.swift; sourceTree = "<group>"; };
/* End PBXFileReference section */

/* Begin PBXFrameworksBuildPhase section */
		A181BBDD2B59A6D800E68302 /* Frameworks */ = {
			isa = PBXFrameworksBuildPhase;
			buildActionMask = 2147483647;
			files = (
				A11CC1092B5C3EDB0079688D /* FirebaseFirestore in Frameworks */,
				A11CC10D2B5C3EDB0079688D /* FirebaseFirestoreSwift in Frameworks */,
				A11CC0FD2B5C3EDB0079688D /* FirebaseAuth in Frameworks */,
				A11CC1232B5C3EDB0079688D /* FirebaseStorage in Frameworks */,
			);
			runOnlyForDeploymentPostprocessing = 0;
		};
/* End PBXFrameworksBuildPhase section */

/* Begin PBXGroup section */
		A11CC0E52B5C28C00079688D /* JobList */ = {
			isa = PBXGroup;
			children = (
				A11CC0E82B5C2CF50079688D /* TableViewCell */,
				A11CC0E92B5C2D230079688D /* JobListViewController.swift */,
				A11CC1262B5C48B50079688D /* JobListViewModel.swift */,
			);
			path = JobList;
			sourceTree = "<group>";
		};
		A11CC0E82B5C2CF50079688D /* TableViewCell */ = {
			isa = PBXGroup;
			children = (
				A11CC0EB2B5C2DB00079688D /* JobTableViewCell.swift */,
			);
			path = TableViewCell;
			sourceTree = "<group>";
		};
		A14DB82C2B60204700EF545D /* JobDetails */ = {
			isa = PBXGroup;
			children = (
				A10B865C2B5D4DFE00422E06 /* JobDetailsViewController.swift */,
			);
			path = JobDetails;
			sourceTree = "<group>";
		};
		A14DB82D2B60313200EF545D /* Home */ = {
			isa = PBXGroup;
			children = (
				A14DB82E2B60316C00EF545D /* HomeView.swift */,
			);
			path = Home;
			sourceTree = "<group>";
		};
		A181BBD72B59A6D800E68302 = {
			isa = PBXGroup;
			children = (
				A181BBE22B59A6D800E68302 /* TechHunt */,
				A181BBE12B59A6D800E68302 /* Products */,
			);
			sourceTree = "<group>";
		};
		A181BBE12B59A6D800E68302 /* Products */ = {
			isa = PBXGroup;
			children = (
				A181BBE02B59A6D800E68302 /* TechHunt.app */,
			);
			name = Products;
			sourceTree = "<group>";
		};
		A181BBE22B59A6D800E68302 /* TechHunt */ = {
			isa = PBXGroup;
			children = (
				A181BBF72B59A6F000E68302 /* App */,
				A181BBF92B59A72B00E68302 /* Model */,
				A181BBF82B59A70B00E68302 /* Scenes */,
				A181BBE72B59A6D800E68302 /* ViewController.swift */,
				A181BBFC2B59A79E00E68302 /* Components */,
				A181BBFA2B59A74500E68302 /* Managers */,
				A181BBFB2B59A74D00E68302 /* Helpers */,
				A181BBEC2B59A6DA00E68302 /* Assets.xcassets */,
				A181BBEE2B59A6DA00E68302 /* LaunchScreen.storyboard */,
				A181BBF12B59A6DA00E68302 /* Info.plist */,
				A11CC0ED2B5C3CDA0079688D /* GoogleService-Info.plist */,
			);
			path = TechHunt;
			sourceTree = "<group>";
		};
		A181BBF72B59A6F000E68302 /* App */ = {
			isa = PBXGroup;
			children = (
				A181BBE32B59A6D800E68302 /* AppDelegate.swift */,
				A181BBE52B59A6D800E68302 /* SceneDelegate.swift */,
			);
			path = App;
			sourceTree = "<group>";
		};
		A181BBF82B59A70B00E68302 /* Scenes */ = {
			isa = PBXGroup;
			children = (
				A19119082B655155001E1D61 /* Profile */,
				A14DB82D2B60313200EF545D /* Home */,
				A11CC0E52B5C28C00079688D /* JobList */,
				A14DB82C2B60204700EF545D /* JobDetails */,
				A181BBFD2B59A7C100E68302 /* Authentification */,
			);
			path = Scenes;
			sourceTree = "<group>";
		};
		A181BBF92B59A72B00E68302 /* Model */ = {
			isa = PBXGroup;
			children = (
				A11CC0E62B5C2CBE0079688D /* Job.swift */,
			);
			path = Model;
			sourceTree = "<group>";
		};
		A181BBFA2B59A74500E68302 /* Managers */ = {
			isa = PBXGroup;
			children = (
				A181BBFE2B59ABAF00E68302 /* NavigationManager.swift */,
			);
			path = Managers;
			sourceTree = "<group>";
		};
		A181BBFB2B59A74D00E68302 /* Helpers */ = {
			isa = PBXGroup;
			children = (
			);
			path = Helpers;
			sourceTree = "<group>";
		};
		A181BBFC2B59A79E00E68302 /* Components */ = {
			isa = PBXGroup;
			children = (
				A1A12E8E2B62A2DB005DD9EC /* JobCardView.swift */,
				A1A12E902B62A342005DD9EC /* CustomButton.swift */,
				A1A12E932B62A79D005DD9EC /* TrendingJobCardView.swift */,
				A191190B2B65535A001E1D61 /* SettingsRowView.swift */,
			);
			path = Components;
			sourceTree = "<group>";
		};
		A181BBFD2B59A7C100E68302 /* Authentification */ = {
			isa = PBXGroup;
			children = (
			);
			path = Authentification;
			sourceTree = "<group>";
		};
		A19119082B655155001E1D61 /* Profile */ = {
			isa = PBXGroup;
			children = (
				A19119092B655168001E1D61 /* ProfileView.swift */,
			);
			path = Profile;
			sourceTree = "<group>";
		};
/* End PBXGroup section */

/* Begin PBXNativeTarget section */
		A181BBDF2B59A6D800E68302 /* TechHunt */ = {
			isa = PBXNativeTarget;
			buildConfigurationList = A181BBF42B59A6DA00E68302 /* Build configuration list for PBXNativeTarget "TechHunt" */;
			buildPhases = (
				A181BBDC2B59A6D800E68302 /* Sources */,
				A181BBDD2B59A6D800E68302 /* Frameworks */,
				A181BBDE2B59A6D800E68302 /* Resources */,
			);
			buildRules = (
			);
			dependencies = (
			);
			name = TechHunt;
			packageProductDependencies = (
				A11CC0FC2B5C3EDB0079688D /* FirebaseAuth */,
				A11CC1082B5C3EDB0079688D /* FirebaseFirestore */,
				A11CC10C2B5C3EDB0079688D /* FirebaseFirestoreSwift */,
				A11CC1222B5C3EDB0079688D /* FirebaseStorage */,
			);
			productName = TechHunt;
			productReference = A181BBE02B59A6D800E68302 /* TechHunt.app */;
			productType = "com.apple.product-type.application";
		};
/* End PBXNativeTarget section */

/* Begin PBXProject section */
		A181BBD82B59A6D800E68302 /* Project object */ = {
			isa = PBXProject;
			attributes = {
				BuildIndependentTargetsInParallel = 1;
				LastSwiftUpdateCheck = 1500;
				LastUpgradeCheck = 1500;
				TargetAttributes = {
					A181BBDF2B59A6D800E68302 = {
						CreatedOnToolsVersion = 15.0.1;
					};
				};
			};
			buildConfigurationList = A181BBDB2B59A6D800E68302 /* Build configuration list for PBXProject "TechHunt" */;
			compatibilityVersion = "Xcode 14.0";
			developmentRegion = en;
			hasScannedForEncodings = 0;
			knownRegions = (
				en,
				Base,
			);
			mainGroup = A181BBD72B59A6D800E68302;
			packageReferences = (
				A11CC0EF2B5C3EDB0079688D /* XCRemoteSwiftPackageReference "firebase-ios-sdk" */,
			);
			productRefGroup = A181BBE12B59A6D800E68302 /* Products */;
			projectDirPath = "";
			projectRoot = "";
			targets = (
				A181BBDF2B59A6D800E68302 /* TechHunt */,
			);
		};
/* End PBXProject section */

/* Begin PBXResourcesBuildPhase section */
		A181BBDE2B59A6D800E68302 /* Resources */ = {
			isa = PBXResourcesBuildPhase;
			buildActionMask = 2147483647;
			files = (
				A181BBF02B59A6DA00E68302 /* LaunchScreen.storyboard in Resources */,
				A181BBED2B59A6DA00E68302 /* Assets.xcassets in Resources */,
				A11CC0EE2B5C3CDA0079688D /* GoogleService-Info.plist in Resources */,
			);
			runOnlyForDeploymentPostprocessing = 0;
		};
/* End PBXResourcesBuildPhase section */

/* Begin PBXSourcesBuildPhase section */
		A181BBDC2B59A6D800E68302 /* Sources */ = {
			isa = PBXSourcesBuildPhase;
			buildActionMask = 2147483647;
			files = (
				A11CC0EA2B5C2D230079688D /* JobListViewController.swift in Sources */,
				A181BBE82B59A6D800E68302 /* ViewController.swift in Sources */,
				A181BBFF2B59ABAF00E68302 /* NavigationManager.swift in Sources */,
				A1A12E8F2B62A2DB005DD9EC /* JobCardView.swift in Sources */,
				A1A12E942B62A79D005DD9EC /* TrendingJobCardView.swift in Sources */,
				A14DB82F2B60316C00EF545D /* HomeView.swift in Sources */,
				A11CC0EC2B5C2DB00079688D /* JobTableViewCell.swift in Sources */,
				A10B865D2B5D4DFE00422E06 /* JobDetailsViewController.swift in Sources */,
				A191190C2B65535A001E1D61 /* SettingsRowView.swift in Sources */,
				A11CC1272B5C48B50079688D /* JobListViewModel.swift in Sources */,
				A191190A2B655168001E1D61 /* ProfileView.swift in Sources */,
				A1A12E912B62A342005DD9EC /* CustomButton.swift in Sources */,
				A11CC0EC2B5C2DB00079688D /* JobTableViewCell.swift in Sources */,
				A10B865D2B5D4DFE00422E06 /* JobDetailsViewController.swift in Sources */,
				A11CC1272B5C48B50079688D /* JobListViewModel.swift in Sources */,
				A181BBE42B59A6D800E68302 /* AppDelegate.swift in Sources */,
				A181BBE62B59A6D800E68302 /* SceneDelegate.swift in Sources */,
				A11CC0E72B5C2CBE0079688D /* Job.swift in Sources */,
			);
			runOnlyForDeploymentPostprocessing = 0;
		};
/* End PBXSourcesBuildPhase section */

/* Begin PBXVariantGroup section */
		A181BBEE2B59A6DA00E68302 /* LaunchScreen.storyboard */ = {
			isa = PBXVariantGroup;
			children = (
				A181BBEF2B59A6DA00E68302 /* Base */,
			);
			name = LaunchScreen.storyboard;
			sourceTree = "<group>";
		};
/* End PBXVariantGroup section */

/* Begin XCBuildConfiguration section */
		A181BBF22B59A6DA00E68302 /* Debug */ = {
			isa = XCBuildConfiguration;
			buildSettings = {
				ALWAYS_SEARCH_USER_PATHS = NO;
				ASSETCATALOG_COMPILER_GENERATE_SWIFT_ASSET_SYMBOL_EXTENSIONS = YES;
				CLANG_ANALYZER_NONNULL = YES;
				CLANG_ANALYZER_NUMBER_OBJECT_CONVERSION = YES_AGGRESSIVE;
				CLANG_CXX_LANGUAGE_STANDARD = "gnu++20";
				CLANG_ENABLE_MODULES = YES;
				CLANG_ENABLE_OBJC_ARC = YES;
				CLANG_ENABLE_OBJC_WEAK = YES;
				CLANG_WARN_BLOCK_CAPTURE_AUTORELEASING = YES;
				CLANG_WARN_BOOL_CONVERSION = YES;
				CLANG_WARN_COMMA = YES;
				CLANG_WARN_CONSTANT_CONVERSION = YES;
				CLANG_WARN_DEPRECATED_OBJC_IMPLEMENTATIONS = YES;
				CLANG_WARN_DIRECT_OBJC_ISA_USAGE = YES_ERROR;
				CLANG_WARN_DOCUMENTATION_COMMENTS = YES;
				CLANG_WARN_EMPTY_BODY = YES;
				CLANG_WARN_ENUM_CONVERSION = YES;
				CLANG_WARN_INFINITE_RECURSION = YES;
				CLANG_WARN_INT_CONVERSION = YES;
				CLANG_WARN_NON_LITERAL_NULL_CONVERSION = YES;
				CLANG_WARN_OBJC_IMPLICIT_RETAIN_SELF = YES;
				CLANG_WARN_OBJC_LITERAL_CONVERSION = YES;
				CLANG_WARN_OBJC_ROOT_CLASS = YES_ERROR;
				CLANG_WARN_QUOTED_INCLUDE_IN_FRAMEWORK_HEADER = YES;
				CLANG_WARN_RANGE_LOOP_ANALYSIS = YES;
				CLANG_WARN_STRICT_PROTOTYPES = YES;
				CLANG_WARN_SUSPICIOUS_MOVE = YES;
				CLANG_WARN_UNGUARDED_AVAILABILITY = YES_AGGRESSIVE;
				CLANG_WARN_UNREACHABLE_CODE = YES;
				CLANG_WARN__DUPLICATE_METHOD_MATCH = YES;
				COPY_PHASE_STRIP = NO;
				DEBUG_INFORMATION_FORMAT = dwarf;
				ENABLE_STRICT_OBJC_MSGSEND = YES;
				ENABLE_TESTABILITY = YES;
				ENABLE_USER_SCRIPT_SANDBOXING = YES;
				GCC_C_LANGUAGE_STANDARD = gnu17;
				GCC_DYNAMIC_NO_PIC = NO;
				GCC_NO_COMMON_BLOCKS = YES;
				GCC_OPTIMIZATION_LEVEL = 0;
				GCC_PREPROCESSOR_DEFINITIONS = (
					"DEBUG=1",
					"$(inherited)",
				);
				GCC_WARN_64_TO_32_BIT_CONVERSION = YES;
				GCC_WARN_ABOUT_RETURN_TYPE = YES_ERROR;
				GCC_WARN_UNDECLARED_SELECTOR = YES;
				GCC_WARN_UNINITIALIZED_AUTOS = YES_AGGRESSIVE;
				GCC_WARN_UNUSED_FUNCTION = YES;
				GCC_WARN_UNUSED_VARIABLE = YES;
				IPHONEOS_DEPLOYMENT_TARGET = 17.0;
				LOCALIZATION_PREFERS_STRING_CATALOGS = YES;
				MTL_ENABLE_DEBUG_INFO = INCLUDE_SOURCE;
				MTL_FAST_MATH = YES;
				ONLY_ACTIVE_ARCH = YES;
				SDKROOT = iphoneos;
				SWIFT_ACTIVE_COMPILATION_CONDITIONS = "DEBUG $(inherited)";
				SWIFT_OPTIMIZATION_LEVEL = "-Onone";
			};
			name = Debug;
		};
		A181BBF32B59A6DA00E68302 /* Release */ = {
			isa = XCBuildConfiguration;
			buildSettings = {
				ALWAYS_SEARCH_USER_PATHS = NO;
				ASSETCATALOG_COMPILER_GENERATE_SWIFT_ASSET_SYMBOL_EXTENSIONS = YES;
				CLANG_ANALYZER_NONNULL = YES;
				CLANG_ANALYZER_NUMBER_OBJECT_CONVERSION = YES_AGGRESSIVE;
				CLANG_CXX_LANGUAGE_STANDARD = "gnu++20";
				CLANG_ENABLE_MODULES = YES;
				CLANG_ENABLE_OBJC_ARC = YES;
				CLANG_ENABLE_OBJC_WEAK = YES;
				CLANG_WARN_BLOCK_CAPTURE_AUTORELEASING = YES;
				CLANG_WARN_BOOL_CONVERSION = YES;
				CLANG_WARN_COMMA = YES;
				CLANG_WARN_CONSTANT_CONVERSION = YES;
				CLANG_WARN_DEPRECATED_OBJC_IMPLEMENTATIONS = YES;
				CLANG_WARN_DIRECT_OBJC_ISA_USAGE = YES_ERROR;
				CLANG_WARN_DOCUMENTATION_COMMENTS = YES;
				CLANG_WARN_EMPTY_BODY = YES;
				CLANG_WARN_ENUM_CONVERSION = YES;
				CLANG_WARN_INFINITE_RECURSION = YES;
				CLANG_WARN_INT_CONVERSION = YES;
				CLANG_WARN_NON_LITERAL_NULL_CONVERSION = YES;
				CLANG_WARN_OBJC_IMPLICIT_RETAIN_SELF = YES;
				CLANG_WARN_OBJC_LITERAL_CONVERSION = YES;
				CLANG_WARN_OBJC_ROOT_CLASS = YES_ERROR;
				CLANG_WARN_QUOTED_INCLUDE_IN_FRAMEWORK_HEADER = YES;
				CLANG_WARN_RANGE_LOOP_ANALYSIS = YES;
				CLANG_WARN_STRICT_PROTOTYPES = YES;
				CLANG_WARN_SUSPICIOUS_MOVE = YES;
				CLANG_WARN_UNGUARDED_AVAILABILITY = YES_AGGRESSIVE;
				CLANG_WARN_UNREACHABLE_CODE = YES;
				CLANG_WARN__DUPLICATE_METHOD_MATCH = YES;
				COPY_PHASE_STRIP = NO;
				DEBUG_INFORMATION_FORMAT = "dwarf-with-dsym";
				ENABLE_NS_ASSERTIONS = NO;
				ENABLE_STRICT_OBJC_MSGSEND = YES;
				ENABLE_USER_SCRIPT_SANDBOXING = YES;
				GCC_C_LANGUAGE_STANDARD = gnu17;
				GCC_NO_COMMON_BLOCKS = YES;
				GCC_WARN_64_TO_32_BIT_CONVERSION = YES;
				GCC_WARN_ABOUT_RETURN_TYPE = YES_ERROR;
				GCC_WARN_UNDECLARED_SELECTOR = YES;
				GCC_WARN_UNINITIALIZED_AUTOS = YES_AGGRESSIVE;
				GCC_WARN_UNUSED_FUNCTION = YES;
				GCC_WARN_UNUSED_VARIABLE = YES;
				IPHONEOS_DEPLOYMENT_TARGET = 17.0;
				LOCALIZATION_PREFERS_STRING_CATALOGS = YES;
				MTL_ENABLE_DEBUG_INFO = NO;
				MTL_FAST_MATH = YES;
				SDKROOT = iphoneos;
				SWIFT_COMPILATION_MODE = wholemodule;
				VALIDATE_PRODUCT = YES;
			};
			name = Release;
		};
		A181BBF52B59A6DA00E68302 /* Debug */ = {
			isa = XCBuildConfiguration;
			buildSettings = {
				ASSETCATALOG_COMPILER_APPICON_NAME = AppIcon;
				ASSETCATALOG_COMPILER_GLOBAL_ACCENT_COLOR_NAME = AccentColor;
				CODE_SIGN_STYLE = Automatic;
				CURRENT_PROJECT_VERSION = 1;
				GENERATE_INFOPLIST_FILE = YES;
				INFOPLIST_FILE = TechHunt/Info.plist;
				INFOPLIST_KEY_UIApplicationSupportsIndirectInputEvents = YES;
				INFOPLIST_KEY_UILaunchStoryboardName = LaunchScreen;
				INFOPLIST_KEY_UISupportedInterfaceOrientations_iPad = "UIInterfaceOrientationPortrait UIInterfaceOrientationPortraitUpsideDown UIInterfaceOrientationLandscapeLeft UIInterfaceOrientationLandscapeRight";
				INFOPLIST_KEY_UISupportedInterfaceOrientations_iPhone = "UIInterfaceOrientationPortrait UIInterfaceOrientationLandscapeLeft UIInterfaceOrientationLandscapeRight";
				IPHONEOS_DEPLOYMENT_TARGET = 16.0;
				LD_RUNPATH_SEARCH_PATHS = (
					"$(inherited)",
					"@executable_path/Frameworks",
				);
				MARKETING_VERSION = 1.0;
				PRODUCT_BUNDLE_IDENTIFIER = test.ge.TechHunt;
				PRODUCT_NAME = "$(TARGET_NAME)";
				SWIFT_EMIT_LOC_STRINGS = YES;
				SWIFT_VERSION = 5.0;
				TARGETED_DEVICE_FAMILY = "1,2";
			};
			name = Debug;
		};
		A181BBF62B59A6DA00E68302 /* Release */ = {
			isa = XCBuildConfiguration;
			buildSettings = {
				ASSETCATALOG_COMPILER_APPICON_NAME = AppIcon;
				ASSETCATALOG_COMPILER_GLOBAL_ACCENT_COLOR_NAME = AccentColor;
				CODE_SIGN_STYLE = Automatic;
				CURRENT_PROJECT_VERSION = 1;
				GENERATE_INFOPLIST_FILE = YES;
				INFOPLIST_FILE = TechHunt/Info.plist;
				INFOPLIST_KEY_UIApplicationSupportsIndirectInputEvents = YES;
				INFOPLIST_KEY_UILaunchStoryboardName = LaunchScreen;
				INFOPLIST_KEY_UISupportedInterfaceOrientations_iPad = "UIInterfaceOrientationPortrait UIInterfaceOrientationPortraitUpsideDown UIInterfaceOrientationLandscapeLeft UIInterfaceOrientationLandscapeRight";
				INFOPLIST_KEY_UISupportedInterfaceOrientations_iPhone = "UIInterfaceOrientationPortrait UIInterfaceOrientationLandscapeLeft UIInterfaceOrientationLandscapeRight";
				IPHONEOS_DEPLOYMENT_TARGET = 16.0;
				LD_RUNPATH_SEARCH_PATHS = (
					"$(inherited)",
					"@executable_path/Frameworks",
				);
				MARKETING_VERSION = 1.0;
				PRODUCT_BUNDLE_IDENTIFIER = test.ge.TechHunt;
				PRODUCT_NAME = "$(TARGET_NAME)";
				SWIFT_EMIT_LOC_STRINGS = YES;
				SWIFT_VERSION = 5.0;
				TARGETED_DEVICE_FAMILY = "1,2";
			};
			name = Release;
		};
/* End XCBuildConfiguration section */

/* Begin XCConfigurationList section */
		A181BBDB2B59A6D800E68302 /* Build configuration list for PBXProject "TechHunt" */ = {
			isa = XCConfigurationList;
			buildConfigurations = (
				A181BBF22B59A6DA00E68302 /* Debug */,
				A181BBF32B59A6DA00E68302 /* Release */,
			);
			defaultConfigurationIsVisible = 0;
			defaultConfigurationName = Release;
		};
		A181BBF42B59A6DA00E68302 /* Build configuration list for PBXNativeTarget "TechHunt" */ = {
			isa = XCConfigurationList;
			buildConfigurations = (
				A181BBF52B59A6DA00E68302 /* Debug */,
				A181BBF62B59A6DA00E68302 /* Release */,
			);
			defaultConfigurationIsVisible = 0;
			defaultConfigurationName = Release;
		};
/* End XCConfigurationList section */

/* Begin XCRemoteSwiftPackageReference section */
		A11CC0EF2B5C3EDB0079688D /* XCRemoteSwiftPackageReference "firebase-ios-sdk" */ = {
			isa = XCRemoteSwiftPackageReference;
			repositoryURL = "https://github.com/firebase/firebase-ios-sdk";
			requirement = {
				kind = upToNextMajorVersion;
				minimumVersion = 10.20.0;
			};
		};
/* End XCRemoteSwiftPackageReference section */

/* Begin XCSwiftPackageProductDependency section */
		A11CC0FC2B5C3EDB0079688D /* FirebaseAuth */ = {
			isa = XCSwiftPackageProductDependency;
			package = A11CC0EF2B5C3EDB0079688D /* XCRemoteSwiftPackageReference "firebase-ios-sdk" */;
			productName = FirebaseAuth;
		};
		A11CC1082B5C3EDB0079688D /* FirebaseFirestore */ = {
			isa = XCSwiftPackageProductDependency;
			package = A11CC0EF2B5C3EDB0079688D /* XCRemoteSwiftPackageReference "firebase-ios-sdk" */;
			productName = FirebaseFirestore;
		};
		A11CC10C2B5C3EDB0079688D /* FirebaseFirestoreSwift */ = {
			isa = XCSwiftPackageProductDependency;
			package = A11CC0EF2B5C3EDB0079688D /* XCRemoteSwiftPackageReference "firebase-ios-sdk" */;
			productName = FirebaseFirestoreSwift;
		};
		A11CC1222B5C3EDB0079688D /* FirebaseStorage */ = {
			isa = XCSwiftPackageProductDependency;
			package = A11CC0EF2B5C3EDB0079688D /* XCRemoteSwiftPackageReference "firebase-ios-sdk" */;
			productName = FirebaseStorage;
		};
/* End XCSwiftPackageProductDependency section */
	};
	rootObject = A181BBD82B59A6D800E68302 /* Project object */;
}
